
Microsoft Visual Studio Solution File, Format Version 12.00
# Visual Studio Version 16
VisualStudioVersion = 16.0.30128.74
MinimumVisualStudioVersion = 10.0.40219.1
Project("{FAE04EC0-301F-11D3-BF4B-00C04F79EFBC}") = "Memory Game", "Memory Game\Memory Game.csproj", "{44DEBD99-5D37-4856-B944-7C73C42350FA}"
EndProject
Global
	GlobalSection(SolutionConfigurationPlatforms) = preSolution
		Debug|Any CPU = Debug|Any CPU
		Release|Any CPU = Release|Any CPU
	EndGlobalSection
	GlobalSection(ProjectConfigurationPlatforms) = postSolution
		{44DEBD99-5D37-4856-B944-7C73C42350FA}.Debug|Any CPU.ActiveCfg = Debug|Any CPU
		{44DEBD99-5D37-4856-B944-7C73C42350FA}.Debug|Any CPU.Build.0 = Debug|Any CPU
		{44DEBD99-5D37-4856-B944-7C73C42350FA}.Release|Any CPU.ActiveCfg = Release|Any CPU
		{44DEBD99-5D37-4856-B944-7C73C42350FA}.Release|Any CPU.Build.0 = Release|Any CPU
	EndGlobalSection
	GlobalSection(SolutionProperties) = preSolution
		HideSolutionNode = FALSE
	EndGlobalSection
	GlobalSection(ExtensibilityGlobals) = postSolution
		SolutionGuid = {3546DFA6-3AC4-473C-A254-43AD895C5608}
	EndGlobalSection
EndGlobal
